
Microsoft Visual Studio Solution File, Format Version 11.00
# Visual Studio 2010
Project("{FAE04EC0-301F-11D3-BF4B-00C04F79EFBC}") = "Chinook.Web", "src\Chinook.Web\Chinook.Web.csproj", "{8289A018-B207-412F-ACC6-D893CC81D6A0}"
EndProject
Project("{FAE04EC0-301F-11D3-BF4B-00C04F79EFBC}") = "Chinook.Core", "src\Chinook.Core\Chinook.Core.csproj", "{F63F8546-E12B-40E7-AB13-4EE8C89CE677}"
EndProject
Project("{FAE04EC0-301F-11D3-BF4B-00C04F79EFBC}") = "Chinook.Application", "src\Chinook.Application\Chinook.Application.csproj", "{4792C218-217C-4140-98C1-B4C98CE5531A}"
EndProject
Project("{FAE04EC0-301F-11D3-BF4B-00C04F79EFBC}") = "Chinook.Infrastructure", "src\Chinook.Infrastructure\Chinook.Infrastructure.csproj", "{FAEF173D-F6F7-4E8D-A3F3-D05DF40C6F3C}"
EndProject
Project("{2150E333-8FDC-42A3-9474-1A3956D46DE8}") = ".nuget", ".nuget", "{C6067588-FDCB-4C58-821A-0FB33C87C08C}"
	ProjectSection(SolutionItems) = preProject
		.nuget\packages.config = .nuget\packages.config
	EndProjectSection
EndProject
Global
	GlobalSection(SolutionConfigurationPlatforms) = preSolution
		Debug|Any CPU = Debug|Any CPU
		Release|Any CPU = Release|Any CPU
	EndGlobalSection
	GlobalSection(ProjectConfigurationPlatforms) = postSolution
		{8289A018-B207-412F-ACC6-D893CC81D6A0}.Debug|Any CPU.ActiveCfg = Debug|Any CPU
		{8289A018-B207-412F-ACC6-D893CC81D6A0}.Debug|Any CPU.Build.0 = Debug|Any CPU
		{8289A018-B207-412F-ACC6-D893CC81D6A0}.Release|Any CPU.ActiveCfg = Release|Any CPU
		{8289A018-B207-412F-ACC6-D893CC81D6A0}.Release|Any CPU.Build.0 = Release|Any CPU
		{F63F8546-E12B-40E7-AB13-4EE8C89CE677}.Debug|Any CPU.ActiveCfg = Debug|Any CPU
		{F63F8546-E12B-40E7-AB13-4EE8C89CE677}.Debug|Any CPU.Build.0 = Debug|Any CPU
		{F63F8546-E12B-40E7-AB13-4EE8C89CE677}.Release|Any CPU.ActiveCfg = Release|Any CPU
		{F63F8546-E12B-40E7-AB13-4EE8C89CE677}.Release|Any CPU.Build.0 = Release|Any CPU
		{4792C218-217C-4140-98C1-B4C98CE5531A}.Debug|Any CPU.ActiveCfg = Debug|Any CPU
		{4792C218-217C-4140-98C1-B4C98CE5531A}.Debug|Any CPU.Build.0 = Debug|Any CPU
		{4792C218-217C-4140-98C1-B4C98CE5531A}.Release|Any CPU.ActiveCfg = Release|Any CPU
		{4792C218-217C-4140-98C1-B4C98CE5531A}.Release|Any CPU.Build.0 = Release|Any CPU
		{FAEF173D-F6F7-4E8D-A3F3-D05DF40C6F3C}.Debug|Any CPU.ActiveCfg = Debug|Any CPU
		{FAEF173D-F6F7-4E8D-A3F3-D05DF40C6F3C}.Debug|Any CPU.Build.0 = Debug|Any CPU
		{FAEF173D-F6F7-4E8D-A3F3-D05DF40C6F3C}.Release|Any CPU.ActiveCfg = Release|Any CPU
		{FAEF173D-F6F7-4E8D-A3F3-D05DF40C6F3C}.Release|Any CPU.Build.0 = Release|Any CPU
	EndGlobalSection
	GlobalSection(SolutionProperties) = preSolution
		HideSolutionNode = FALSE
	EndGlobalSection
EndGlobal
